<?xml version="1.0" encoding="UTF-8" standalone="yes" ?>
<CodeBlocks_project_file>
	<FileVersion major="1" minor="6" />
	<Project>
		<Option title="Fff" />
		<Option pch_mode="2" />
		<Option compiler="gcc" />
		<Build>
			<Target title="Debug">
				<Option output="../dist/mingw/Debug/Fff" prefix_auto="1" extension_auto="1" />
				<Option object_output="obj/Debug/" />
				<Option type="1" />
				<Option compiler="gcc" />
				<Compiler>
					<Add option="-std=c++1z" />
					<Add option="-g" />
				</Compiler>
			</Target>
			<Target title="Release">
				<Option output="../dist/mingw/Release/Fff" prefix_auto="1" extension_auto="1" />
				<Option object_output="obj/Release/" />
				<Option type="1" />
				<Option compiler="gcc" />
				<Compiler>
					<Add option="-O2" />
				</Compiler>
				<Linker>
					<Add option="-s" />
				</Linker>
			</Target>
		</Build>
		<Compiler>
			<Add option="-Wall" />
			<Add option="-std=c++1z" />
			<Add option="-fexceptions" />
			<Add directory="../lib/freeglut/mingw/include" />
			<Add directory="../lib/imgui" />
			<Add directory="../lib/boost" />
			<Add directory="../lib/Hypodermic" />
			<Add directory="../lib/linq" />
			<Add directory="../src" />
		</Compiler>
		<Linker>
			<Add option="-lopengl32 -lglu32 -lfreeglut" />
			<Add directory="../lib/freeglut/mingw/lib" />
		</Linker>
		<ExtraCommands>
			<Add after='xcopy &quot;$(PROJECT_DIR)..\lib\freeglut\mingw\bin\freeglut.dll&quot; &quot;$(TARGET_OUTPUT_DIR)&quot; /y /d' />
		</ExtraCommands>
		<Unit filename="../lib/imgui/bindings/imgui_impl_freeglut.cpp" />
		<Unit filename="../lib/imgui/bindings/imgui_impl_freeglut.h" />
		<Unit filename="../lib/imgui/bindings/imgui_impl_opengl2.cpp" />
		<Unit filename="../lib/imgui/bindings/imgui_impl_opengl2.h" />
		<Unit filename="../lib/imgui/imconfig.h" />
		<Unit filename="../lib/imgui/imgui.cpp" />
		<Unit filename="../lib/imgui/imgui.h" />
		<Unit filename="../lib/imgui/imgui_demo.cpp" />
		<Unit filename="../lib/imgui/imgui_draw.cpp" />
		<Unit filename="../lib/imgui/imgui_internal.h" />
		<Unit filename="../lib/imgui/imgui_widgets.cpp" />
		<Unit filename="../lib/imgui/imstb_rectpack.h" />
		<Unit filename="../lib/imgui/imstb_textedit.h" />
		<Unit filename="../lib/imgui/imstb_truetype.h" />
		<Unit filename="ContainerBase.h" />
		<Unit filename="IdGenerator.h" />
		<Unit filename="Main.cpp" />
		<Unit filename="Vector3.h" />
		<Unit filename="colors/Colors.cpp" />
		<Unit filename="colors/Colors.h" />
		<Unit filename="game/GameGui.cpp" />
		<Unit filename="game/GameGui.h" />
		<Unit filename="game/GameRenderer.cpp" />
		<Unit filename="game/GameRenderer.h" />
		<Unit filename="game/GameService.cpp" />
		<Unit filename="game/GameService.h" />
		<Unit filename="gui/DebugGui.cpp" />
		<Unit filename="gui/DebugGui.h" />
		<Unit filename="gui/DockSpaceGui.cpp" />
		<Unit filename="gui/DockSpaceGui.h" />
		<Unit filename="gui/GuiContainer.h" />
		<Unit filename="gui/GuiRenderer.cpp" />
		<Unit filename="gui/GuiRenderer.h" />
		<Unit filename="gui/IGui.h" />
		<Unit filename="gui/ImGuiDemoGui.cpp" />
		<Unit filename="gui/ImGuiDemoGui.h" />
		<Unit filename="gui/ObjectsDebugGui.cpp" />
		<Unit filename="gui/ObjectsDebugGui.h" />
		<Unit filename="imgui_custom.h" />
		<Unit filename="logger/CompositeLogger.cpp" />
		<Unit filename="logger/CompositeLogger.h" />
		<Unit filename="logger/ConsoleLogger.cpp" />
		<Unit filename="logger/ConsoleLogger.h" />
		<Unit filename="logger/GuiLogger.cpp" />
		<Unit filename="logger/GuiLogger.h" />
		<Unit filename="logger/IChildLogger.h" />
		<Unit filename="logger/ILogger.h" />
		<Unit filename="mutators/IMutable.h" />
		<Unit filename="mutators/IMutator.h" />
		<Unit filename="mutators/MutatorFactory.h" />
		<Unit filename="mutators/NullMutator.cpp" />
		<Unit filename="mutators/NullMutator.h" />
		<Unit filename="objects/Cube.h" />
		<Unit filename="objects/IObject.cpp" />
		<Unit filename="objects/IObject.h" />
		<Unit filename="objects/ObjectContainer.h" />
		<Unit filename="objects/ObjectFactory.cpp" />
		<Unit filename="objects/ObjectFactory.h" />
		<Unit filename="objects/ObjectGuiBase.h" />
		<Unit filename="objects/Triangle.h" />
		<Unit filename="pch.cpp" />
		<Unit filename="pch.h" />
		<Unit filename="utilities/nameof.h" />
		<Extensions>
			<code_completion />
			<envvars />
			<debugger />
			<lib_finder disable_auto="1" />
		</Extensions>
	</Project>
</CodeBlocks_project_file>
