<?xml version="1.0" encoding="UTF-8" standalone="yes" ?>
<CodeBlocks_project_file>
	<FileVersion major="1" minor="6" />
	<Project>
		<Option title="Fff" />
		<Option pch_mode="2" />
		<Option compiler="gcc" />
		<Option virtualFolders="imgui\;" />
		<Build>
			<Target title="Debug">
				<Option output="../dist/mingw/Debug/Fff" prefix_auto="1" extension_auto="1" />
				<Option object_output="obj/Debug/" />
				<Option type="1" />
				<Option compiler="gcc" />
				<Compiler>
					<Add option="-std=c++1z" />
					<Add option="-g" />
				</Compiler>
			</Target>
			<Target title="Release">
				<Option output="../dist/mingw/Release/Fff" prefix_auto="1" extension_auto="1" />
				<Option object_output="obj/Release/" />
				<Option type="1" />
				<Option compiler="gcc" />
				<Compiler>
					<Add option="-O2" />
				</Compiler>
				<Linker>
					<Add option="-s" />
				</Linker>
			</Target>
		</Build>
		<Compiler>
			<Add option="-Wall" />
			<Add option="-std=c++1z" />
			<Add option="-fexceptions" />
			<Add directory="../lib/freeglut/mingw/include" />
			<Add directory="../lib/imgui" />
			<Add directory="../lib/boost" />
			<Add directory="../lib/Hypodermic" />
			<Add directory="../lib/linq" />
			<Add directory="../src" />
			<Add directory="../lib/stb" />
		</Compiler>
		<Linker>
			<Add option="-lopengl32 -lglu32 -lfreeglut" />
			<Add directory="../lib/freeglut/mingw/lib" />
		</Linker>
		<ExtraCommands>
			<Add after='xcopy &quot;$(PROJECT_DIR)..\lib\freeglut\mingw\bin\freeglut.dll&quot; &quot;$(TARGET_OUTPUT_DIR)&quot; /y /d' />
		</ExtraCommands>
		<Unit filename="../lib/imgui/bindings/imgui_impl_freeglut.cpp">
			<Option virtualFolder="imgui/" />
		</Unit>
		<Unit filename="../lib/imgui/bindings/imgui_impl_opengl2.cpp">
			<Option virtualFolder="imgui/" />
		</Unit>
		<Unit filename="../lib/imgui/imgui.cpp">
			<Option virtualFolder="imgui/" />
		</Unit>
		<Unit filename="../lib/imgui/imgui_demo.cpp">
			<Option virtualFolder="imgui/" />
		</Unit>
		<Unit filename="../lib/imgui/imgui_draw.cpp">
			<Option virtualFolder="imgui/" />
		</Unit>
		<Unit filename="../lib/imgui/imgui_widgets.cpp">
			<Option virtualFolder="imgui/" />
		</Unit>
		<Unit filename="ContainerBase.h" />
		<Unit filename="FoodService.cpp" />
		<Unit filename="FoodService.h" />
		<Unit filename="IRemovable.h" />
		<Unit filename="IdGenerator.h" />
		<Unit filename="Main.cpp" />
		<Unit filename="Vectors.h" />
		<Unit filename="collision/CollisionService.cpp" />
		<Unit filename="collision/CollisionService.h" />
		<Unit filename="collision/ITestCollision.h" />
		<Unit filename="colors/Colors.cpp" />
		<Unit filename="colors/Colors.h" />
		<Unit filename="config/Config.h" />
		<Unit filename="game/GameGui.cpp" />
		<Unit filename="game/GameGui.h" />
		<Unit filename="game/GameRenderer.cpp" />
		<Unit filename="game/GameRenderer.h" />
		<Unit filename="game/GameService.cpp" />
		<Unit filename="game/GameService.h" />
		<Unit filename="game/TextureService.cpp" />
		<Unit filename="game/TextureService.h" />
		<Unit filename="gui/AmbientLightGui.cpp" />
		<Unit filename="gui/AmbientLightGui.h" />
		<Unit filename="gui/CubeGui.h" />
		<Unit filename="gui/DebugGui.cpp" />
		<Unit filename="gui/DebugGui.h" />
		<Unit filename="gui/DockSpaceGui.cpp" />
		<Unit filename="gui/DockSpaceGui.h" />
		<Unit filename="gui/FloorGui.cpp" />
		<Unit filename="gui/FloorGui.h" />
		<Unit filename="gui/GuiContainer.h" />
		<Unit filename="gui/GuiRenderer.cpp" />
		<Unit filename="gui/GuiRenderer.h" />
		<Unit filename="gui/HelpGui.cpp" />
		<Unit filename="gui/HelpGui.h" />
		<Unit filename="gui/IGui.h" />
		<Unit filename="gui/ImGuiDemoGui.cpp" />
		<Unit filename="gui/ImGuiDemoGui.h" />
		<Unit filename="gui/LightGuiBase.h" />
		<Unit filename="gui/MutatorsDebugGui.cpp" />
		<Unit filename="gui/MutatorsDebugGui.h" />
		<Unit filename="gui/ObjectsDebugGui.cpp" />
		<Unit filename="gui/ObjectsDebugGui.h" />
		<Unit filename="gui/SceneSpotLightGui.cpp" />
		<Unit filename="gui/SceneSpotLightGui.h" />
		<Unit filename="gui/TriangleGui.h" />
		<Unit filename="gui/player/PlayerGuiBase.h" />
		<Unit filename="imgui_custom.h" />
		<Unit filename="init/IOnInit.h" />
		<Unit filename="lights/AmbientLight.cpp" />
		<Unit filename="lights/AmbientLight.h" />
		<Unit filename="lights/ILight.h" />
		<Unit filename="lights/SceneSpotLight.cpp" />
		<Unit filename="lights/SceneSpotLight.h" />
		<Unit filename="logger/CompositeLogger.cpp" />
		<Unit filename="logger/CompositeLogger.h" />
		<Unit filename="logger/ConsoleLogger.cpp" />
		<Unit filename="logger/ConsoleLogger.h" />
		<Unit filename="logger/GuiLogger.cpp" />
		<Unit filename="logger/GuiLogger.h" />
		<Unit filename="logger/IChildLogger.h" />
		<Unit filename="logger/ILogger.h" />
		<Unit filename="mutators/FreezedMutator.cpp" />
		<Unit filename="mutators/FreezedMutator.h" />
		<Unit filename="mutators/IMutable.h" />
		<Unit filename="mutators/IMutator.h" />
		<Unit filename="mutators/JumpMutator.cpp" />
		<Unit filename="mutators/JumpMutator.h" />
		<Unit filename="mutators/KeyboardMutator.cpp" />
		<Unit filename="mutators/KeyboardMutator.h" />
		<Unit filename="mutators/MutatorFactory.h" />
		<Unit filename="mutators/NullMutator.cpp" />
		<Unit filename="mutators/NullMutator.h" />
		<Unit filename="mutators/OnDashingEffect.cpp" />
		<Unit filename="mutators/OnDashingEffect.h" />
		<Unit filename="mutators/OnFoodEffect.cpp" />
		<Unit filename="mutators/OnFoodEffect.h" />
		<Unit filename="mutators/OnFreezedEffect.cpp" />
		<Unit filename="mutators/OnFreezedEffect.h" />
		<Unit filename="mutators/OnLightningStrikeEffect.cpp" />
		<Unit filename="mutators/OnLightningStrikeEffect.h" />
		<Unit filename="mutators/OnMagnetEffect.cpp" />
		<Unit filename="mutators/OnMagnetEffect.h" />
		<Unit filename="mutators/PlayerKeyboardMutator.cpp" />
		<Unit filename="mutators/PlayerKeyboardMutator.h" />
		<Unit filename="mutators/WinningMutator.cpp" />
		<Unit filename="mutators/WinningMutator.h" />
		<Unit filename="objects/Chevron.cpp" />
		<Unit filename="objects/Chevron.h" />
		<Unit filename="objects/Countdown.cpp" />
		<Unit filename="objects/Countdown.h" />
		<Unit filename="objects/Cube.cpp" />
		<Unit filename="objects/Cube.h" />
		<Unit filename="objects/Cylinder.cpp" />
		<Unit filename="objects/Cylinder.h" />
		<Unit filename="objects/EndScreen.cpp" />
		<Unit filename="objects/EndScreen.h" />
		<Unit filename="objects/Floor.cpp" />
		<Unit filename="objects/Floor.h" />
		<Unit filename="objects/Grid.cpp" />
		<Unit filename="objects/Grid.h" />
		<Unit filename="objects/IObject.cpp" />
		<Unit filename="objects/IObject.h" />
		<Unit filename="objects/ObjectContainer.h" />
		<Unit filename="objects/ObjectFactory.cpp" />
		<Unit filename="objects/ObjectFactory.h" />
		<Unit filename="objects/ObjectGuiBase.h" />
		<Unit filename="objects/Particle.cpp" />
		<Unit filename="objects/Particle.h" />
		<Unit filename="objects/StartScreen.cpp" />
		<Unit filename="objects/StartScreen.h" />
		<Unit filename="objects/Triangle.h" />
		<Unit filename="objects/food/Apple.cpp" />
		<Unit filename="objects/food/Apple.h" />
		<Unit filename="objects/food/Chocolate.cpp" />
		<Unit filename="objects/food/Chocolate.h" />
		<Unit filename="objects/food/Dango.cpp" />
		<Unit filename="objects/food/Dango.h" />
		<Unit filename="objects/food/IFood.h" />
		<Unit filename="objects/food/IceCream.cpp" />
		<Unit filename="objects/food/IceCream.h" />
		<Unit filename="objects/food/Pizza.cpp" />
		<Unit filename="objects/food/Pizza.h" />
		<Unit filename="objects/food/Sandwich.cpp" />
		<Unit filename="objects/food/Sandwich.h" />
		<Unit filename="objects/food/Soda.cpp" />
		<Unit filename="objects/food/Soda.h" />
		<Unit filename="objects/player/Player.cpp" />
		<Unit filename="objects/player/Player.h" />
		<Unit filename="objects/player/Player1.cpp" />
		<Unit filename="objects/player/Player1.h" />
		<Unit filename="objects/player/Player2.cpp" />
		<Unit filename="objects/player/Player2.h" />
		<Unit filename="objects/powerup/Dash.cpp" />
		<Unit filename="objects/powerup/Dash.h" />
		<Unit filename="objects/powerup/IPowerUp.h" />
		<Unit filename="objects/powerup/Magnet.cpp" />
		<Unit filename="objects/powerup/Magnet.h" />
		<Unit filename="objects/powerup/Star.cpp" />
		<Unit filename="objects/powerup/Star.h" />
		<Unit filename="objects/powerup/Thunder.cpp" />
		<Unit filename="objects/powerup/Thunder.h" />
		<Unit filename="pch.cpp" />
		<Unit filename="pch.h" />
		<Unit filename="utilities/constraints.h" />
		<Unit filename="utilities/gl.h" />
		<Unit filename="utilities/nameof.h" />
		<Extensions>
			<code_completion />
			<envvars />
			<debugger />
			<lib_finder disable_auto="1" />
		</Extensions>
	</Project>
</CodeBlocks_project_file>
