<?xml version="1.0" encoding="utf-8"?>
<Project ToolsVersion="4.0" xmlns="http://schemas.microsoft.com/developer/msbuild/2003">
  <ItemGroup>
    <Filter Include="Source Files">
      <UniqueIdentifier>{4FC737F1-C7A5-4376-A066-2A32D752A2FF}</UniqueIdentifier>
      <Extensions>cpp;c;cc;cxx;def;odl;idl;hpj;bat;asm;asmx</Extensions>
    </Filter>
    <Filter Include="Header Files">
      <UniqueIdentifier>{93995380-89BD-4b04-88EB-625FBE52EBFB}</UniqueIdentifier>
      <Extensions>h;hh;hpp;hxx;hm;inl;inc;ipp;xsd</Extensions>
    </Filter>
    <Filter Include="Resource Files">
      <UniqueIdentifier>{67DA6AB6-F800-4c08-8B7A-83BB121AAD01}</UniqueIdentifier>
      <Extensions>rc;ico;cur;bmp;dlg;rc2;rct;bin;rgs;gif;jpg;jpeg;jpe;resx;tiff;tif;png;wav;mfcribbon-ms</Extensions>
    </Filter>
    <Filter Include="Source Files\imgui">
      <UniqueIdentifier>{e2aa53a3-4b56-461e-b038-aa240b61f846}</UniqueIdentifier>
    </Filter>
    <Filter Include="Source Files\colors">
      <UniqueIdentifier>{896bc1a5-6236-491f-9489-8fb32b3deeb2}</UniqueIdentifier>
    </Filter>
    <Filter Include="Source Files\logger">
      <UniqueIdentifier>{e9fca59e-f5f0-4525-81a3-06ed228d2105}</UniqueIdentifier>
    </Filter>
    <Filter Include="Source Files\utilities">
      <UniqueIdentifier>{f083e385-3df1-435e-b896-4459d424ac7c}</UniqueIdentifier>
    </Filter>
    <Filter Include="Source Files\mutators">
      <UniqueIdentifier>{fde03c0a-a744-4683-abfe-ac99a1207075}</UniqueIdentifier>
    </Filter>
    <Filter Include="Source Files\game">
      <UniqueIdentifier>{540f38b0-889d-4d8b-9e97-879a24143d32}</UniqueIdentifier>
    </Filter>
    <Filter Include="Source Files\gui">
      <UniqueIdentifier>{cbe8993c-54be-4f71-852a-8bc4d25f0a65}</UniqueIdentifier>
    </Filter>
    <Filter Include="Source Files\objects">
      <UniqueIdentifier>{0ba8214e-755e-44f5-ad96-78911b1e5d46}</UniqueIdentifier>
    </Filter>
    <Filter Include="Source Files\config">
      <UniqueIdentifier>{36c1561d-feb6-47bc-b8a6-1045cb5b9add}</UniqueIdentifier>
    </Filter>
    <Filter Include="Source Files\init">
      <UniqueIdentifier>{a1976af7-0a58-4e56-ab65-2bb08754cc23}</UniqueIdentifier>
    </Filter>
    <Filter Include="Source Files\lights">
      <UniqueIdentifier>{81a0b735-d4c7-48a2-9e90-94eb63c1baf6}</UniqueIdentifier>
    </Filter>
    <Filter Include="Source Files\objects\player">
      <UniqueIdentifier>{cfd35674-3c0f-4c49-84d4-f742681b3a66}</UniqueIdentifier>
    </Filter>
    <Filter Include="Source Files\objects\food">
      <UniqueIdentifier>{06eb7cf9-f0ca-4f56-ad7c-12ff622bb468}</UniqueIdentifier>
    </Filter>
    <Filter Include="Source Files\gui\food">
      <UniqueIdentifier>{afa14550-31d5-43d6-84cd-ee214428742f}</UniqueIdentifier>
    </Filter>
    <Filter Include="Source Files\gui\player">
      <UniqueIdentifier>{a2ed35f7-ff21-4002-a2c1-056ec557076f}</UniqueIdentifier>
    </Filter>
    <Filter Include="Source Files\collision">
      <UniqueIdentifier>{01108c92-ae19-406d-b943-d1a3d52253a0}</UniqueIdentifier>
    </Filter>
    <Filter Include="Source Files\objects\powerup">
      <UniqueIdentifier>{c3926f52-41f6-4aa7-9256-9ec265a26a22}</UniqueIdentifier>
    </Filter>
  </ItemGroup>
  <ItemGroup>
    <ClCompile Include="Main.cpp">
      <Filter>Source Files</Filter>
    </ClCompile>
    <ClCompile Include="..\lib\imgui\imgui.cpp">
      <Filter>Source Files\imgui</Filter>
    </ClCompile>
    <ClCompile Include="..\lib\imgui\imgui_demo.cpp">
      <Filter>Source Files\imgui</Filter>
    </ClCompile>
    <ClCompile Include="..\lib\imgui\imgui_draw.cpp">
      <Filter>Source Files\imgui</Filter>
    </ClCompile>
    <ClCompile Include="..\lib\imgui\imgui_widgets.cpp">
      <Filter>Source Files\imgui</Filter>
    </ClCompile>
    <ClCompile Include="..\lib\imgui\bindings\imgui_impl_freeglut.cpp">
      <Filter>Source Files\imgui</Filter>
    </ClCompile>
    <ClCompile Include="..\lib\imgui\bindings\imgui_impl_opengl2.cpp">
      <Filter>Source Files\imgui</Filter>
    </ClCompile>
    <ClCompile Include="pch.cpp">
      <Filter>Source Files</Filter>
    </ClCompile>
    <ClCompile Include="colors\Colors.cpp">
      <Filter>Source Files\colors</Filter>
    </ClCompile>
    <ClCompile Include="logger\ConsoleLogger.cpp">
      <Filter>Source Files\logger</Filter>
    </ClCompile>
    <ClCompile Include="logger\CompositeLogger.cpp">
      <Filter>Source Files\logger</Filter>
    </ClCompile>
    <ClCompile Include="logger\GuiLogger.cpp">
      <Filter>Source Files\logger</Filter>
    </ClCompile>
    <ClCompile Include="mutators\NullMutator.cpp">
      <Filter>Source Files\mutators</Filter>
    </ClCompile>
    <ClCompile Include="gui\GuiRenderer.cpp">
      <Filter>Source Files\gui</Filter>
    </ClCompile>
    <ClCompile Include="game\GameRenderer.cpp">
      <Filter>Source Files\game</Filter>
    </ClCompile>
    <ClCompile Include="game\GameService.cpp">
      <Filter>Source Files\game</Filter>
    </ClCompile>
    <ClCompile Include="objects\IObject.cpp">
      <Filter>Source Files\objects</Filter>
    </ClCompile>
    <ClCompile Include="objects\ObjectFactory.cpp">
      <Filter>Source Files\objects</Filter>
    </ClCompile>
    <ClCompile Include="game\GameGui.cpp">
      <Filter>Source Files\game</Filter>
    </ClCompile>
    <ClCompile Include="gui\DebugGui.cpp">
      <Filter>Source Files\gui</Filter>
    </ClCompile>
    <ClCompile Include="gui\ObjectsDebugGui.cpp">
      <Filter>Source Files\gui</Filter>
    </ClCompile>
    <ClCompile Include="gui\DockSpaceGui.cpp">
      <Filter>Source Files\gui</Filter>
    </ClCompile>
    <ClCompile Include="gui\ImGuiDemoGui.cpp">
      <Filter>Source Files\gui</Filter>
    </ClCompile>
    <ClCompile Include="objects\Cube.cpp">
      <Filter>Source Files\objects</Filter>
    </ClCompile>
    <ClCompile Include="mutators\PlayerKeyboardMutator.cpp">
      <Filter>Source Files\mutators</Filter>
    </ClCompile>
    <ClCompile Include="mutators\KeyboardMutator.cpp">
      <Filter>Source Files\mutators</Filter>
    </ClCompile>
    <ClCompile Include="mutators\FreezedMutator.cpp">
      <Filter>Source Files\mutators</Filter>
    </ClCompile>
    <ClCompile Include="objects\Floor.cpp">
      <Filter>Source Files\objects</Filter>
    </ClCompile>
    <ClCompile Include="gui\FloorGui.cpp">
      <Filter>Source Files\gui</Filter>
    </ClCompile>
    <ClCompile Include="lights\AmbientLight.cpp">
      <Filter>Source Files\lights</Filter>
    </ClCompile>
    <ClCompile Include="gui\AmbientLightGui.cpp">
      <Filter>Source Files\gui</Filter>
    </ClCompile>
    <ClCompile Include="lights\SceneSpotLight.cpp">
      <Filter>Source Files\lights</Filter>
    </ClCompile>
    <ClCompile Include="gui\SceneSpotLightGui.cpp">
      <Filter>Source Files\gui</Filter>
    </ClCompile>
    <ClCompile Include="game\TextureService.cpp">
      <Filter>Source Files\game</Filter>
    </ClCompile>
    <ClCompile Include="objects\player\Player.cpp">
      <Filter>Source Files\objects\player</Filter>
    </ClCompile>
    <ClCompile Include="objects\player\Player1.cpp">
      <Filter>Source Files\objects\player</Filter>
    </ClCompile>
    <ClCompile Include="objects\player\Player2.cpp">
      <Filter>Source Files\objects\player</Filter>
    </ClCompile>
    <ClCompile Include="objects\food\IceCream.cpp">
      <Filter>Source Files\objects\food</Filter>
    </ClCompile>
    <ClCompile Include="objects\Grid.cpp">
      <Filter>Source Files\objects</Filter>
    </ClCompile>
    <ClCompile Include="collision\CollisionService.cpp">
      <Filter>Source Files\collision</Filter>
    </ClCompile>
    <ClCompile Include="FoodService.cpp">
      <Filter>Source Files</Filter>
    </ClCompile>
    <ClCompile Include="objects\StartScreen.cpp">
      <Filter>Source Files\objects</Filter>
    </ClCompile>
    <ClCompile Include="objects\Countdown.cpp">
      <Filter>Source Files\objects</Filter>
    </ClCompile>
    <ClCompile Include="objects\EndScreen.cpp">
      <Filter>Source Files\objects</Filter>
    </ClCompile>
    <ClCompile Include="mutators\JumpMutator.cpp">
      <Filter>Source Files\mutators</Filter>
    </ClCompile>
    <ClCompile Include="mutators\WinningMutator.cpp">
      <Filter>Source Files\mutators</Filter>
    </ClCompile>
    <ClCompile Include="objects\food\Sandwich.cpp">
      <Filter>Source Files\objects\food</Filter>
    </ClCompile>
    <ClCompile Include="objects\food\Chocolate.cpp">
      <Filter>Source Files\objects\food</Filter>
    </ClCompile>
    <ClCompile Include="objects\food\Pizza.cpp">
      <Filter>Source Files\objects\food</Filter>
    </ClCompile>
    <ClCompile Include="objects\food\Apple.cpp">
      <Filter>Source Files\objects\food</Filter>
    </ClCompile>
    <ClCompile Include="objects\food\Dango.cpp">
      <Filter>Source Files\objects\food</Filter>
    </ClCompile>
    <ClCompile Include="objects\food\Soda.cpp">
      <Filter>Source Files\objects\food</Filter>
    </ClCompile>
    <ClCompile Include="mutators\OnFoodEffect.cpp">
      <Filter>Source Files\mutators</Filter>
    </ClCompile>
    <ClCompile Include="gui\MutatorsDebugGui.cpp">
      <Filter>Source Files\gui</Filter>
    </ClCompile>
    <ClCompile Include="objects\Particle.cpp">
      <Filter>Source Files\objects</Filter>
    </ClCompile>
    <ClCompile Include="mutators\OnLightningStrikeEffect.cpp">
      <Filter>Source Files\mutators</Filter>
    </ClCompile>
    <ClCompile Include="objects\powerup\Thunder.cpp">
      <Filter>Source Files\objects\powerup</Filter>
    </ClCompile>
    <ClCompile Include="objects\powerup\Star.cpp">
      <Filter>Source Files\objects\powerup</Filter>
    </ClCompile>
    <ClCompile Include="objects\powerup\Magnet.cpp">
      <Filter>Source Files\objects\powerup</Filter>
    </ClCompile>
    <ClCompile Include="objects\powerup\Dash.cpp">
      <Filter>Source Files\objects\powerup</Filter>
    </ClCompile>
    <ClCompile Include="objects\Cylinder.cpp">
      <Filter>Source Files\objects</Filter>
    </ClCompile>
    <ClCompile Include="mutators\OnFreezedEffect.cpp">
      <Filter>Source Files\mutators</Filter>
    </ClCompile>
  </ItemGroup>
  <ItemGroup>
    <ClInclude Include="..\lib\imgui\imconfig.h">
      <Filter>Source Files\imgui</Filter>
    </ClInclude>
    <ClInclude Include="..\lib\imgui\imgui.h">
      <Filter>Source Files\imgui</Filter>
    </ClInclude>
    <ClInclude Include="..\lib\imgui\imgui_internal.h">
      <Filter>Source Files\imgui</Filter>
    </ClInclude>
    <ClInclude Include="..\lib\imgui\imstb_rectpack.h">
      <Filter>Source Files\imgui</Filter>
    </ClInclude>
    <ClInclude Include="..\lib\imgui\imstb_textedit.h">
      <Filter>Source Files\imgui</Filter>
    </ClInclude>
    <ClInclude Include="..\lib\imgui\imstb_truetype.h">
      <Filter>Source Files\imgui</Filter>
    </ClInclude>
    <ClInclude Include="..\lib\imgui\bindings\imgui_impl_freeglut.h">
      <Filter>Source Files\imgui</Filter>
    </ClInclude>
    <ClInclude Include="..\lib\imgui\bindings\imgui_impl_opengl2.h">
      <Filter>Source Files\imgui</Filter>
    </ClInclude>
    <ClInclude Include="pch.h">
      <Filter>Header Files</Filter>
    </ClInclude>
    <ClInclude Include="imgui_custom.h">
      <Filter>Header Files</Filter>
    </ClInclude>
    <ClInclude Include="ContainerBase.h">
      <Filter>Source Files</Filter>
    </ClInclude>
    <ClInclude Include="IdGenerator.h">
      <Filter>Source Files</Filter>
    </ClInclude>
    <ClInclude Include="colors\Colors.h">
      <Filter>Source Files\colors</Filter>
    </ClInclude>
    <ClInclude Include="logger\ConsoleLogger.h">
      <Filter>Source Files\logger</Filter>
    </ClInclude>
    <ClInclude Include="logger\IChildLogger.h">
      <Filter>Source Files\logger</Filter>
    </ClInclude>
    <ClInclude Include="logger\ILogger.h">
      <Filter>Source Files\logger</Filter>
    </ClInclude>
    <ClInclude Include="logger\CompositeLogger.h">
      <Filter>Source Files\logger</Filter>
    </ClInclude>
    <ClInclude Include="logger\GuiLogger.h">
      <Filter>Source Files\logger</Filter>
    </ClInclude>
    <ClInclude Include="utilities\nameof.h">
      <Filter>Source Files\utilities</Filter>
    </ClInclude>
    <ClInclude Include="mutators\IMutator.h">
      <Filter>Source Files\mutators</Filter>
    </ClInclude>
    <ClInclude Include="mutators\NullMutator.h">
      <Filter>Source Files\mutators</Filter>
    </ClInclude>
    <ClInclude Include="mutators\IMutable.h">
      <Filter>Source Files\mutators</Filter>
    </ClInclude>
    <ClInclude Include="gui\GuiRenderer.h">
      <Filter>Source Files\gui</Filter>
    </ClInclude>
    <ClInclude Include="gui\GuiContainer.h">
      <Filter>Source Files\gui</Filter>
    </ClInclude>
    <ClInclude Include="gui\IGui.h">
      <Filter>Source Files\gui</Filter>
    </ClInclude>
    <ClInclude Include="game\GameRenderer.h">
      <Filter>Source Files\game</Filter>
    </ClInclude>
    <ClInclude Include="game\GameService.h">
      <Filter>Source Files\game</Filter>
    </ClInclude>
    <ClInclude Include="objects\IObject.h">
      <Filter>Source Files\objects</Filter>
    </ClInclude>
    <ClInclude Include="objects\ObjectContainer.h">
      <Filter>Source Files\objects</Filter>
    </ClInclude>
    <ClInclude Include="objects\ObjectFactory.h">
      <Filter>Source Files\objects</Filter>
    </ClInclude>
    <ClInclude Include="objects\ObjectGuiBase.h">
      <Filter>Source Files\objects</Filter>
    </ClInclude>
    <ClInclude Include="mutators\MutatorFactory.h">
      <Filter>Source Files\mutators</Filter>
    </ClInclude>
    <ClInclude Include="game\GameGui.h">
      <Filter>Source Files\game</Filter>
    </ClInclude>
    <ClInclude Include="gui\DebugGui.h">
      <Filter>Source Files\gui</Filter>
    </ClInclude>
    <ClInclude Include="objects\Cube.h">
      <Filter>Source Files\objects</Filter>
    </ClInclude>
    <ClInclude Include="objects\Triangle.h">
      <Filter>Source Files\objects</Filter>
    </ClInclude>
    <ClInclude Include="gui\ObjectsDebugGui.h">
      <Filter>Source Files\gui</Filter>
    </ClInclude>
    <ClInclude Include="gui\DockSpaceGui.h">
      <Filter>Source Files\gui</Filter>
    </ClInclude>
    <ClInclude Include="gui\ImGuiDemoGui.h">
      <Filter>Source Files\gui</Filter>
    </ClInclude>
    <ClInclude Include="gui\TriangleGui.h">
      <Filter>Source Files\gui</Filter>
    </ClInclude>
    <ClInclude Include="gui\CubeGui.h">
      <Filter>Source Files\gui</Filter>
    </ClInclude>
    <ClInclude Include="utilities\constraints.h">
      <Filter>Source Files\utilities</Filter>
    </ClInclude>
    <ClInclude Include="Vectors.h">
      <Filter>Source Files</Filter>
    </ClInclude>
    <ClInclude Include="mutators\PlayerKeyboardMutator.h">
      <Filter>Source Files\mutators</Filter>
    </ClInclude>
    <ClInclude Include="mutators\KeyboardMutator.h">
      <Filter>Source Files\mutators</Filter>
    </ClInclude>
    <ClInclude Include="mutators\FreezedMutator.h">
      <Filter>Source Files\mutators</Filter>
    </ClInclude>
    <ClInclude Include="objects\Floor.h">
      <Filter>Source Files\objects</Filter>
    </ClInclude>
    <ClInclude Include="gui\FloorGui.h">
      <Filter>Source Files\gui</Filter>
    </ClInclude>
    <ClInclude Include="init\IOnInit.h">
      <Filter>Source Files\init</Filter>
    </ClInclude>
    <ClInclude Include="lights\AmbientLight.h">
      <Filter>Source Files\lights</Filter>
    </ClInclude>
    <ClInclude Include="lights\ILight.h">
      <Filter>Source Files\lights</Filter>
    </ClInclude>
    <ClInclude Include="gui\LightGuiBase.h">
      <Filter>Source Files\gui</Filter>
    </ClInclude>
    <ClInclude Include="gui\AmbientLightGui.h">
      <Filter>Source Files\gui</Filter>
    </ClInclude>
    <ClInclude Include="lights\SceneSpotLight.h">
      <Filter>Source Files\lights</Filter>
    </ClInclude>
    <ClInclude Include="gui\SceneSpotLightGui.h">
      <Filter>Source Files\gui</Filter>
    </ClInclude>
    <ClInclude Include="IRemovable.h">
      <Filter>Header Files</Filter>
    </ClInclude>
    <ClInclude Include="game\TextureService.h">
      <Filter>Source Files\game</Filter>
    </ClInclude>
    <ClInclude Include="config\Config.h">
      <Filter>Source Files\config</Filter>
    </ClInclude>
    <ClInclude Include="objects\player\Player.h">
      <Filter>Source Files\objects\player</Filter>
    </ClInclude>
    <ClInclude Include="objects\player\Player1.h">
      <Filter>Source Files\objects\player</Filter>
    </ClInclude>
    <ClInclude Include="objects\player\Player2.h">
      <Filter>Source Files\objects\player</Filter>
    </ClInclude>
    <ClInclude Include="objects\food\IceCream.h">
      <Filter>Source Files\objects\food</Filter>
    </ClInclude>
    <ClInclude Include="objects\food\IFood.h">
      <Filter>Source Files\objects\food</Filter>
    </ClInclude>
    <ClInclude Include="objects\Grid.h">
      <Filter>Source Files\objects</Filter>
    </ClInclude>
    <ClInclude Include="gui\player\PlayerGuiBase.h">
      <Filter>Source Files\gui\player</Filter>
    </ClInclude>
    <ClInclude Include="collision\ITestCollision.h">
      <Filter>Source Files\collision</Filter>
    </ClInclude>
    <ClInclude Include="collision\CollisionService.h">
      <Filter>Source Files\collision</Filter>
    </ClInclude>
    <ClInclude Include="utilities\gl.h">
      <Filter>Source Files\utilities</Filter>
    </ClInclude>
    <ClInclude Include="FoodService.h">
      <Filter>Source Files</Filter>
    </ClInclude>
    <ClInclude Include="objects\StartScreen.h">
      <Filter>Source Files\objects</Filter>
    </ClInclude>
    <ClInclude Include="objects\Countdown.h">
      <Filter>Source Files\objects</Filter>
    </ClInclude>
    <ClInclude Include="objects\EndScreen.h">
      <Filter>Source Files\objects</Filter>
    </ClInclude>
    <ClInclude Include="mutators\JumpMutator.h">
      <Filter>Source Files\mutators</Filter>
    </ClInclude>
    <ClInclude Include="mutators\WinningMutator.h">
      <Filter>Source Files\mutators</Filter>
    </ClInclude>
    <ClInclude Include="objects\food\Sandwich.h">
      <Filter>Source Files\objects\food</Filter>
    </ClInclude>
    <ClInclude Include="objects\food\Chocolate.h">
      <Filter>Source Files\objects\food</Filter>
    </ClInclude>
    <ClInclude Include="objects\food\Pizza.h">
      <Filter>Source Files\objects\food</Filter>
    </ClInclude>
    <ClInclude Include="objects\food\Apple.h">
      <Filter>Source Files\objects\food</Filter>
    </ClInclude>
    <ClInclude Include="objects\food\Dango.h">
      <Filter>Source Files\objects\food</Filter>
    </ClInclude>
    <ClInclude Include="objects\food\Soda.h">
      <Filter>Source Files\objects\food</Filter>
    </ClInclude>
    <ClInclude Include="objects\powerup\IPowerUp.h">
      <Filter>Source Files\objects\powerup</Filter>
    </ClInclude>
    <ClInclude Include="mutators\OnFoodEffect.h">
      <Filter>Source Files\mutators</Filter>
    </ClInclude>
    <ClInclude Include="gui\MutatorsDebugGui.h">
      <Filter>Source Files\gui</Filter>
    </ClInclude>
    <ClInclude Include="objects\Particle.h">
      <Filter>Source Files\objects</Filter>
    </ClInclude>
    <ClInclude Include="mutators\OnLightningStrikeEffect.h">
      <Filter>Source Files\mutators</Filter>
    </ClInclude>
    <ClInclude Include="objects\powerup\Thunder.h">
      <Filter>Source Files\objects\powerup</Filter>
    </ClInclude>
    <ClInclude Include="objects\powerup\Star.h">
      <Filter>Source Files\objects\powerup</Filter>
    </ClInclude>
    <ClInclude Include="objects\powerup\Magnet.h">
      <Filter>Source Files\objects\powerup</Filter>
    </ClInclude>
    <ClInclude Include="objects\powerup\Dash.h">
      <Filter>Source Files\objects\powerup</Filter>
    </ClInclude>
    <ClInclude Include="objects\Cylinder.h">
      <Filter>Source Files\objects</Filter>
    </ClInclude>
    <ClInclude Include="mutators\OnFreezedEffect.h">
      <Filter>Source Files\mutators</Filter>
    </ClInclude>
  </ItemGroup>
  <ItemGroup>
    <Natvis Include="..\lib\imgui\misc\natvis\imgui.natvis">
      <Filter>Source Files\imgui</Filter>
    </Natvis>
  </ItemGroup>
</Project>